// !$*UTF8*$!
{
	archiveVersion = 1;
	classes = {
	};
	objectVersion = 56;
	objects = {

/* Begin PBXBuildFile section */
		BA5163ABC13B4CA2940F8B2D /* AppState.swift in Sources */ = {isa = PBXBuildFile; fileRef = B84164F9A9824BCA8825C794 /* AppState.swift */; };
		9CA15D18819C49C0AC3E4ACE /* ContentView.swift in Sources */ = {isa = PBXBuildFile; fileRef = 4854471D56F84F88B788AAE0 /* ContentView.swift */; };
		217332098B654AACA521A8C9 /* Models.swift in Sources */ = {isa = PBXBuildFile; fileRef = 399145A8478F43268A04C862 /* Models.swift */; };
		90D26E52A43047B19520B6C5 /* PythonBridge.swift in Sources */ = {isa = PBXBuildFile; fileRef = A6383B3C07324FDBAD710008 /* PythonBridge.swift */; };
		99848C20CCC945CEAC78167B /* SettingsView.swift in Sources */ = {isa = PBXBuildFile; fileRef = 36341DE898134A3FA1CB7889 /* SettingsView.swift */; };
		B35C2323B3F6473D8E7416F6 /* TableReadApp.swift in Sources */ = {isa = PBXBuildFile; fileRef = 7D155BFB318744F8BE58A6D2 /* TableReadApp.swift */; };
		C2F9AC94D2DB4A77913EB54F /* Views.swift in Sources */ = {isa = PBXBuildFile; fileRef = A5495890743F443FA0E5EA21 /* Views.swift */; };
		F1E2D3C4B5A691827364A502 /* AppStateTests.swift in Sources */ = {isa = PBXBuildFile; fileRef = F1E2D3C4B5A691827364A501 /* AppStateTests.swift */; };
		D4E5F6A7B8C9D0E1F2A3B4C5 /* Assets.xcassets in Resources */ = {isa = PBXBuildFile; fileRef = A1B2C3D4E5F6A7B8C9D0E1F2 /* Assets.xcassets */; };
		E7A12300BCDE4567F890A2B1 /* AppState.swift in Sources */ = {isa = PBXBuildFile; fileRef = B84164F9A9824BCA8825C794 /* AppState.swift */; };
		E7A12300BCDE4567F890A2B2 /* ContentView.swift in Sources */ = {isa = PBXBuildFile; fileRef = 4854471D56F84F88B788AAE0 /* ContentView.swift */; };
		E7A12300BCDE4567F890A2B3 /* Models.swift in Sources */ = {isa = PBXBuildFile; fileRef = 399145A8478F43268A04C862 /* Models.swift */; };
		E7A12300BCDE4567F890A2B4 /* PythonBridge.swift in Sources */ = {isa = PBXBuildFile; fileRef = A6383B3C07324FDBAD710008 /* PythonBridge.swift */; };
		E7A12300BCDE4567F890A2B5 /* SettingsView.swift in Sources */ = {isa = PBXBuildFile; fileRef = 36341DE898134A3FA1CB7889 /* SettingsView.swift */; };
		E7A12300BCDE4567F890A2B6 /* TableReadApp.swift in Sources */ = {isa = PBXBuildFile; fileRef = 7D155BFB318744F8BE58A6D2 /* TableReadApp.swift */; };
		E7A12300BCDE4567F890A2B7 /* Views.swift in Sources */ = {isa = PBXBuildFile; fileRef = A5495890743F443FA0E5EA21 /* Views.swift */; };
		E7A12300BCDE4567F890A2B8 /* Assets.xcassets in Resources */ = {isa = PBXBuildFile; fileRef = A1B2C3D4E5F6A7B8C9D0E1F2 /* Assets.xcassets */; };
/* End PBXBuildFile section */

/* Begin PBXContainerItemProxy section */
		F1E2D3C4B5A691827364A50A /* PBXContainerItemProxy */ = {
			isa = PBXContainerItemProxy;
			containerPortal = 0BEEC5F7968243A19BC2E029 /* Project object */;
			proxyType = 1;
			remoteGlobalIDString = C06CD91AC3AC4DCB99E681FE;
			remoteInfo = TableRead;
		};
/* End PBXContainerItemProxy section */

/* Begin PBXFileReference section */
		ED663123E5CA4556BF79142A /* TableRead.app */ = {isa = PBXFileReference; explicitFileType = wrapper.application; includeInIndex = 0; path = TableRead.app; sourceTree = BUILT_PRODUCTS_DIR; };
		F1E2D3C4B5A691827364A503 /* TableReadTests.xctest */ = {isa = PBXFileReference; explicitFileType = wrapper.cfbundle; includeInIndex = 0; path = TableReadTests.xctest; sourceTree = BUILT_PRODUCTS_DIR; };
		C260B1B4B72E4FC79C5ADFAC /* Info.plist */ = {isa = PBXFileReference; lastKnownFileType = text.plist.xml; path = Info.plist; sourceTree = "<group>"; };
		C38C67F9E4D042C8BD2A2F2C /* TableRead.entitlements */ = {isa = PBXFileReference; lastKnownFileType = text.plist.entitlements; path = TableRead.entitlements; sourceTree = "<group>"; };
		B84164F9A9824BCA8825C794 /* AppState.swift */ = {isa = PBXFileReference; lastKnownFileType = sourcecode.swift; path = AppState.swift; sourceTree = "<group>"; };
		4854471D56F84F88B788AAE0 /* ContentView.swift */ = {isa = PBXFileReference; lastKnownFileType = sourcecode.swift; path = ContentView.swift; sourceTree = "<group>"; };
		399145A8478F43268A04C862 /* Models.swift */ = {isa = PBXFileReference; lastKnownFileType = sourcecode.swift; path = Models.swift; sourceTree = "<group>"; };
		A6383B3C07324FDBAD710008 /* PythonBridge.swift */ = {isa = PBXFileReference; lastKnownFileType = sourcecode.swift; path = PythonBridge.swift; sourceTree = "<group>"; };
		36341DE898134A3FA1CB7889 /* SettingsView.swift */ = {isa = PBXFileReference; lastKnownFileType = sourcecode.swift; path = SettingsView.swift; sourceTree = "<group>"; };
		7D155BFB318744F8BE58A6D2 /* TableReadApp.swift */ = {isa = PBXFileReference; lastKnownFileType = sourcecode.swift; path = TableReadApp.swift; sourceTree = "<group>"; };
		A5495890743F443FA0E5EA21 /* Views.swift */ = {isa = PBXFileReference; lastKnownFileType = sourcecode.swift; path = Views.swift; sourceTree = "<group>"; };
		F1E2D3C4B5A691827364A501 /* AppStateTests.swift */ = {isa = PBXFileReference; lastKnownFileType = sourcecode.swift; path = AppStateTests.swift; sourceTree = "<group>"; };
		A1B2C3D4E5F6A7B8C9D0E1F2 /* Assets.xcassets */ = {isa = PBXFileReference; lastKnownFileType = folder.assetcatalog; path = Assets.xcassets; sourceTree = "<group>"; };
		E7A12300BCDE4567F890A1B2 /* TableRead (iOS).app */ = {isa = PBXFileReference; explicitFileType = wrapper.application; includeInIndex = 0; path = "TableRead (iOS).app"; sourceTree = BUILT_PRODUCTS_DIR; };
		E7A12300BCDE4567F890A1B3 /* Info.plist */ = {isa = PBXFileReference; lastKnownFileType = text.plist.xml; path = Info.plist; sourceTree = "<group>"; };
		E7A12300BCDE4567F890A1B4 /* TableRead-iOS.entitlements */ = {isa = PBXFileReference; lastKnownFileType = text.plist.entitlements; path = "TableRead-iOS.entitlements"; sourceTree = "<group>"; };
/* End PBXFileReference section */

/* Begin PBXFrameworksBuildPhase section */
		F0516A8E6DF442348E020928 /* Frameworks */ = {
			isa = PBXFrameworksBuildPhase;
			buildActionMask = 2147483647;
			files = (
			);
			runOnlyForDeploymentPostprocessing = 0;
		};
		E7A12300BCDE4567F890A3B2 /* Frameworks */ = {
			isa = PBXFrameworksBuildPhase;
			buildActionMask = 2147483647;
			files = (
			);
			runOnlyForDeploymentPostprocessing = 0;
		};
/* End PBXFrameworksBuildPhase section */

/* Begin PBXGroup section */
		818E9816DC334844B0748D67 = {
			isa = PBXGroup;
			children = (
				20547108D84546F2A46D76F3 /* Sources */,
				F1E2D3C4B5A691827364A509 /* Tests */,
				3B344CE14A85448391F634EE /* Products */,
			);
			sourceTree = "<group>";
		};
		3B344CE14A85448391F634EE /* Products */ = {
			isa = PBXGroup;
			children = (
				ED663123E5CA4556BF79142A /* TableRead.app */,
				F1E2D3C4B5A691827364A503 /* TableReadTests.xctest */,
				E7A12300BCDE4567F890A1B2 /* TableRead (iOS).app */,
			);
			name = Products;
			sourceTree = "<group>";
		};
		20547108D84546F2A46D76F3 /* Sources */ = {
			isa = PBXGroup;
			children = (
				E4A95A45F50C4917948EC600 /* ScriptAudioDramaApp */,
			);
			name = Sources;
			path = Sources;
			sourceTree = "<group>";
		};
		E4A95A45F50C4917948EC600 /* ScriptAudioDramaApp */ = {
			isa = PBXGroup;
			children = (
				B84164F9A9824BCA8825C794 /* AppState.swift */,
				4854471D56F84F88B788AAE0 /* ContentView.swift */,
				399145A8478F43268A04C862 /* Models.swift */,
				A6383B3C07324FDBAD710008 /* PythonBridge.swift */,
				36341DE898134A3FA1CB7889 /* SettingsView.swift */,
				7D155BFB318744F8BE58A6D2 /* TableReadApp.swift */,
				A5495890743F443FA0E5EA21 /* Views.swift */,
				A1B2C3D4E5F6A7B8C9D0E1F2 /* Assets.xcassets */,
				C260B1B4B72E4FC79C5ADFAC /* Info.plist */,
				C38C67F9E4D042C8BD2A2F2C /* TableRead.entitlements */,
				E7A12300BCDE4567F890A7B1 /* iOS */,
			);
			path = TableRead;
			sourceTree = "<group>";
		};
		E7A12300BCDE4567F890A7B1 /* iOS */ = {
			isa = PBXGroup;
			children = (
				E7A12300BCDE4567F890A1B3 /* Info.plist */,
				E7A12300BCDE4567F890A1B4 /* TableRead-iOS.entitlements */,
			);
			path = iOS;
			sourceTree = "<group>";
		};
		F1E2D3C4B5A691827364A509 /* Tests */ = {
			isa = PBXGroup;
			children = (
				F1E2D3C4B5A691827364A501 /* AppStateTests.swift */,
			);
			name = Tests;
			path = Tests/TableReadTests;
			sourceTree = "<group>";
		};
/* End PBXGroup section */

/* Begin PBXNativeTarget section */
		C06CD91AC3AC4DCB99E681FE /* TableRead */ = {
			isa = PBXNativeTarget;
			buildConfigurationList = BE056FB0196B418083C30C22 /* Build configuration list for PBXNativeTarget "TableRead" */;
			buildPhases = (
				A1B2C3D4E5F6A7B8C9D0BEEF /* Copy Python Runtime */,
				40D8E4CEA7C648D0A583AC8C /* Sources */,
				F0516A8E6DF442348E020928 /* Frameworks */,
				C9DAA953F4374EDD943E5C40 /* Resources */,
			);
			buildRules = (
			);
			dependencies = (
			);
			name = TableRead;
			productName = TableRead;
			productReference = ED663123E5CA4556BF79142A /* TableRead.app */;
			productType = "com.apple.product-type.application";
		};
		F1E2D3C4B5A691827364A505 /* TableReadTests */ = {
			isa = PBXNativeTarget;
			buildConfigurationList = F1E2D3C4B5A691827364A508 /* Build configuration list for PBXNativeTarget "TableReadTests" */;
			buildPhases = (
				F1E2D3C4B5A691827364A504 /* Sources */,
			);
			buildRules = (
			);
			dependencies = (
				F1E2D3C4B5A691827364A50B /* PBXTargetDependency */,
			);
			name = TableReadTests;
			productName = TableReadTests;
			productReference = F1E2D3C4B5A691827364A503 /* TableReadTests.xctest */;
			productType = "com.apple.product-type.bundle.unit-test";
		};
		E7A12300BCDE4567F890A4B1 /* TableRead (iOS) */ = {
			isa = PBXNativeTarget;
			buildConfigurationList = E7A12300BCDE4567F890A6B1 /* Build configuration list for PBXNativeTarget "TableRead (iOS)" */;
			buildPhases = (
				E7A12300BCDE4567F890A3B1 /* Sources */,
				E7A12300BCDE4567F890A3B2 /* Frameworks */,
				E7A12300BCDE4567F890A3B3 /* Resources */,
			);
			buildRules = (
			);
			dependencies = (
			);
			name = "TableRead (iOS)";
			productName = "TableRead (iOS)";
			productReference = E7A12300BCDE4567F890A1B2 /* TableRead (iOS).app */;
			productType = "com.apple.product-type.application";
		};
/* End PBXNativeTarget section */

/* Begin PBXProject section */
		0BEEC5F7968243A19BC2E029 /* Project object */ = {
			isa = PBXProject;
			attributes = {
				BuildIndependentTargetsInParallel = 1;
				LastSwiftUpdateCheck = 1600;
				LastUpgradeCheck = 1600;
				TargetAttributes = {
					C06CD91AC3AC4DCB99E681FE = {
						CreatedOnToolsVersion = 16.0;
					};
					F1E2D3C4B5A691827364A505 = {
						CreatedOnToolsVersion = 16.0;
					};
					E7A12300BCDE4567F890A4B1 = {
						CreatedOnToolsVersion = 16.0;
					};
				};
			};
			buildConfigurationList = 0C5516D249AC4C4790E6B5D7 /* Build configuration list for PBXProject "TableRead" */;
			compatibilityVersion = "Xcode 14.0";
			developmentRegion = en;
			hasScannedForEncodings = 0;
			knownRegions = (
				en,
				Base,
			);
			mainGroup = 818E9816DC334844B0748D67;
			productRefGroup = 3B344CE14A85448391F634EE /* Products */;
			projectDirPath = "";
			projectRoot = "";
			targets = (
				C06CD91AC3AC4DCB99E681FE /* TableRead */,
				F1E2D3C4B5A691827364A505 /* TableReadTests */,
				E7A12300BCDE4567F890A4B1 /* TableRead (iOS) */,
			);
		};
/* End PBXProject section */

/* Begin PBXResourcesBuildPhase section */
		C9DAA953F4374EDD943E5C40 /* Resources */ = {
			isa = PBXResourcesBuildPhase;
			buildActionMask = 2147483647;
			files = (
				D4E5F6A7B8C9D0E1F2A3B4C5 /* Assets.xcassets in Resources */,
			);
			runOnlyForDeploymentPostprocessing = 0;
		};
		E7A12300BCDE4567F890A3B3 /* Resources */ = {
			isa = PBXResourcesBuildPhase;
			buildActionMask = 2147483647;
			files = (
				E7A12300BCDE4567F890A2B8 /* Assets.xcassets in Resources */,
			);
			runOnlyForDeploymentPostprocessing = 0;
		};
/* End PBXResourcesBuildPhase section */

/* Begin PBXShellScriptBuildPhase section */
		A1B2C3D4E5F6A7B8C9D0BEEF /* Copy Python Runtime */ = {
			isa = PBXShellScriptBuildPhase;
			buildActionMask = 2147483647;
			files = (
			);
			inputPaths = (
				"$(SRCROOT)/vendor/python",
			);
			name = "Copy Python Runtime";
			outputPaths = (
				"$(BUILT_PRODUCTS_DIR)/$(CONTENTS_FOLDER_PATH)/Resources/python",
			);
			runOnlyForDeploymentPostprocessing = 0;
			shellPath = /bin/bash;
			shellScript = "bash \"$SRCROOT/scripts/xcode_copy_python.sh\"\n";
			showEnvVarsInLog = 0;
		};
/* End PBXShellScriptBuildPhase section */

/* Begin PBXSourcesBuildPhase section */
		40D8E4CEA7C648D0A583AC8C /* Sources */ = {
			isa = PBXSourcesBuildPhase;
			buildActionMask = 2147483647;
			files = (
				BA5163ABC13B4CA2940F8B2D /* AppState.swift in Sources */,
				9CA15D18819C49C0AC3E4ACE /* ContentView.swift in Sources */,
				217332098B654AACA521A8C9 /* Models.swift in Sources */,
				90D26E52A43047B19520B6C5 /* PythonBridge.swift in Sources */,
				99848C20CCC945CEAC78167B /* SettingsView.swift in Sources */,
				B35C2323B3F6473D8E7416F6 /* TableReadApp.swift in Sources */,
				C2F9AC94D2DB4A77913EB54F /* Views.swift in Sources */,
			);
			runOnlyForDeploymentPostprocessing = 0;
		};
		F1E2D3C4B5A691827364A504 /* Sources */ = {
			isa = PBXSourcesBuildPhase;
			buildActionMask = 2147483647;
			files = (
				F1E2D3C4B5A691827364A502 /* AppStateTests.swift in Sources */,
			);
			runOnlyForDeploymentPostprocessing = 0;
		};
		E7A12300BCDE4567F890A3B1 /* Sources */ = {
			isa = PBXSourcesBuildPhase;
			buildActionMask = 2147483647;
			files = (
				E7A12300BCDE4567F890A2B1 /* AppState.swift in Sources */,
				E7A12300BCDE4567F890A2B2 /* ContentView.swift in Sources */,
				E7A12300BCDE4567F890A2B3 /* Models.swift in Sources */,
				E7A12300BCDE4567F890A2B4 /* PythonBridge.swift in Sources */,
				E7A12300BCDE4567F890A2B5 /* SettingsView.swift in Sources */,
				E7A12300BCDE4567F890A2B6 /* TableReadApp.swift in Sources */,
				E7A12300BCDE4567F890A2B7 /* Views.swift in Sources */,
			);
			runOnlyForDeploymentPostprocessing = 0;
		};
/* End PBXSourcesBuildPhase section */

/* Begin PBXTargetDependency section */
		F1E2D3C4B5A691827364A50B /* PBXTargetDependency */ = {
			isa = PBXTargetDependency;
			target = C06CD91AC3AC4DCB99E681FE /* TableRead */;
			targetProxy = F1E2D3C4B5A691827364A50A /* PBXContainerItemProxy */;
		};
/* End PBXTargetDependency section */

/* Begin XCBuildConfiguration section */
		466A3387792E4B3894A20C24 /* Debug */ = {
			isa = XCBuildConfiguration;
			buildSettings = {
				ALWAYS_SEARCH_USER_PATHS = NO;
				CLANG_ANALYZER_NONNULL = YES;
				CLANG_ENABLE_MODULES = YES;
				COPY_PHASE_STRIP = NO;
				DEBUG_INFORMATION_FORMAT = dwarf;
				ENABLE_STRICT_OBJC_MSGSEND = YES;
				ENABLE_TESTABILITY = YES;
				GCC_DYNAMIC_NO_PIC = NO;
				GCC_OPTIMIZATION_LEVEL = 0;
				GCC_PREPROCESSOR_DEFINITIONS = ("DEBUG=1", "$(inherited)");
				MACOSX_DEPLOYMENT_TARGET = 14.0;
				MTL_ENABLE_DEBUG_INFO = INCLUDE_SOURCE;
				MTL_FAST_MATH = YES;
				ONLY_ACTIVE_ARCH = YES;
				SDKROOT = macosx;
				SWIFT_ACTIVE_COMPILATION_CONDITIONS = DEBUG;
				SWIFT_OPTIMIZATION_LEVEL = "-Onone";
			};
			name = Debug;
		};
		84529810D07846018B26F03B /* Release */ = {
			isa = XCBuildConfiguration;
			buildSettings = {
				ALWAYS_SEARCH_USER_PATHS = NO;
				CLANG_ANALYZER_NONNULL = YES;
				CLANG_ENABLE_MODULES = YES;
				COPY_PHASE_STRIP = NO;
				DEBUG_INFORMATION_FORMAT = "dwarf-with-dsym";
				ENABLE_NS_ASSERTIONS = NO;
				ENABLE_STRICT_OBJC_MSGSEND = YES;
				MACOSX_DEPLOYMENT_TARGET = 14.0;
				MTL_FAST_MATH = YES;
				SDKROOT = macosx;
				SWIFT_COMPILATION_MODE = wholemodule;
				SWIFT_OPTIMIZATION_LEVEL = "-O";
				VALIDATE_PRODUCT = YES;
			};
			name = Release;
		};
		7E3EC708A49F43E6868EB178 /* Debug */ = {
			isa = XCBuildConfiguration;
			buildSettings = {
				ASSETCATALOG_COMPILER_APPICON_NAME = AppIcon;
				CODE_SIGN_ENTITLEMENTS = "Sources/TableRead/TableRead.entitlements";
				CODE_SIGN_STYLE = Automatic;
				COMBINE_HIDPI_IMAGES = YES;
				DEVELOPMENT_TEAM = "";
				INFOPLIST_FILE = "Sources/TableRead/Info.plist";
				LE_SWIFT_VERSION = 5.0;
				MACOSX_DEPLOYMENT_TARGET = 14.0;
				PRODUCT_BUNDLE_IDENTIFIER = "com.averywhitted.tableread";
				PRODUCT_NAME = TableRead;
				SWIFT_EMIT_LOC_STRINGS = YES;
				SWIFT_VERSION = 5.0;
			};
			name = Debug;
		};
		95C69F6D03244467B94F6B74 /* Release */ = {
			isa = XCBuildConfiguration;
			buildSettings = {
				ASSETCATALOG_COMPILER_APPICON_NAME = AppIcon;
				CODE_SIGN_ENTITLEMENTS = "Sources/TableRead/TableRead.entitlements";
				CODE_SIGN_STYLE = Automatic;
				COMBINE_HIDPI_IMAGES = YES;
				DEVELOPMENT_TEAM = "";
				ENABLE_HARDENED_RUNTIME = YES;
				INFOPLIST_FILE = "Sources/TableRead/Info.plist";
				LE_SWIFT_VERSION = 5.0;
				MACOSX_DEPLOYMENT_TARGET = 14.0;
				PRODUCT_BUNDLE_IDENTIFIER = "com.averywhitted.tableread";
				PRODUCT_NAME = TableRead;
				SWIFT_EMIT_LOC_STRINGS = YES;
				SWIFT_VERSION = 5.0;
			};
			name = Release;
		};
		E7A12300BCDE4567F890A5B1 /* Debug */ = {
			isa = XCBuildConfiguration;
			buildSettings = {
				ASSETCATALOG_COMPILER_APPICON_NAME = AppIcon;
				CODE_SIGN_ENTITLEMENTS = "Sources/TableRead/iOS/TableRead-iOS.entitlements";
				CODE_SIGN_STYLE = Automatic;
				DEVELOPMENT_TEAM = "";
				INFOPLIST_FILE = "Sources/TableRead/iOS/Info.plist";
				IPHONEOS_DEPLOYMENT_TARGET = 17.0;
				PRODUCT_BUNDLE_IDENTIFIER = "com.averywhitted.tableread.ios";
				PRODUCT_NAME = "TableRead (iOS)";
				SDKROOT = iphoneos;
				SWIFT_EMIT_LOC_STRINGS = YES;
				SWIFT_VERSION = 5.0;
				TARGETED_DEVICE_FAMILY = "1,2";
			};
			name = Debug;
		};
		E7A12300BCDE4567F890A5B2 /* Release */ = {
			isa = XCBuildConfiguration;
			buildSettings = {
				ASSETCATALOG_COMPILER_APPICON_NAME = AppIcon;
				CODE_SIGN_ENTITLEMENTS = "Sources/TableRead/iOS/TableRead-iOS.entitlements";
				CODE_SIGN_STYLE = Automatic;
				DEVELOPMENT_TEAM = "";
				INFOPLIST_FILE = "Sources/TableRead/iOS/Info.plist";
				IPHONEOS_DEPLOYMENT_TARGET = 17.0;
				PRODUCT_BUNDLE_IDENTIFIER = "com.averywhitted.tableread.ios";
				PRODUCT_NAME = "TableRead (iOS)";
				SDKROOT = iphoneos;
				SWIFT_EMIT_LOC_STRINGS = YES;
				SWIFT_VERSION = 5.0;
				TARGETED_DEVICE_FAMILY = "1,2";
				VALIDATE_PRODUCT = YES;
			};
			name = Release;
		};
		F1E2D3C4B5A691827364A506 /* Debug */ = {
			isa = XCBuildConfiguration;
			buildSettings = {
				BUNDLE_LOADER = "$(TEST_HOST)";
				CODE_SIGN_STYLE = Automatic;
				GENERATE_INFOPLIST_FILE = YES;
				MACOSX_DEPLOYMENT_TARGET = 14.0;
				PRODUCT_BUNDLE_IDENTIFIER = "com.averywhitted.tableread.tests";
				PRODUCT_NAME = TableReadTests;
				SDKROOT = macosx;
				SWIFT_VERSION = 5.0;
				TEST_HOST = "$(BUILT_PRODUCTS_DIR)/TableRead.app/Contents/MacOS/TableRead";
			};
			name = Debug;
		};
		F1E2D3C4B5A691827364A507 /* Release */ = {
			isa = XCBuildConfiguration;
			buildSettings = {
				BUNDLE_LOADER = "$(TEST_HOST)";
				CODE_SIGN_STYLE = Automatic;
				GENERATE_INFOPLIST_FILE = YES;
				MACOSX_DEPLOYMENT_TARGET = 14.0;
				PRODUCT_BUNDLE_IDENTIFIER = "com.averywhitted.tableread.tests";
				PRODUCT_NAME = TableReadTests;
				SDKROOT = macosx;
				SWIFT_VERSION = 5.0;
				TEST_HOST = "$(BUILT_PRODUCTS_DIR)/TableRead.app/Contents/MacOS/TableRead";
			};
			name = Release;
		};
/* End XCBuildConfiguration section */

/* Begin XCConfigurationList section */
		0C5516D249AC4C4790E6B5D7 /* Build configuration list for PBXProject "TableRead" */ = {
			isa = XCConfigurationList;
			buildConfigurations = (
				466A3387792E4B3894A20C24 /* Debug */,
				84529810D07846018B26F03B /* Release */,
			);
			defaultConfigurationIsVisible = 0;
			defaultConfigurationName = Release;
		};
		BE056FB0196B418083C30C22 /* Build configuration list for PBXNativeTarget "TableRead" */ = {
			isa = XCConfigurationList;
			buildConfigurations = (
				7E3EC708A49F43E6868EB178 /* Debug */,
				95C69F6D03244467B94F6B74 /* Release */,
			);
			defaultConfigurationIsVisible = 0;
			defaultConfigurationName = Release;
		};
		F1E2D3C4B5A691827364A508 /* Build configuration list for PBXNativeTarget "TableReadTests" */ = {
			isa = XCConfigurationList;
			buildConfigurations = (
				F1E2D3C4B5A691827364A506 /* Debug */,
				F1E2D3C4B5A691827364A507 /* Release */,
			);
			defaultConfigurationIsVisible = 0;
			defaultConfigurationName = Release;
		};
		E7A12300BCDE4567F890A6B1 /* Build configuration list for PBXNativeTarget "TableRead (iOS)" */ = {
			isa = XCConfigurationList;
			buildConfigurations = (
				E7A12300BCDE4567F890A5B1 /* Debug */,
				E7A12300BCDE4567F890A5B2 /* Release */,
			);
			defaultConfigurationIsVisible = 0;
			defaultConfigurationName = Release;
		};
/* End XCConfigurationList section */
	};
	rootObject = 0BEEC5F7968243A19BC2E029 /* Project object */;
}
